
Microsoft Visual Studio Solution File, Format Version 12.00
# Visual Studio 15
VisualStudioVersion = 15.0.28307.136
MinimumVisualStudioVersion = 10.0.40219.1
Project("{FAE04EC0-301F-11D3-BF4B-00C04F79EFBC}") = "ML_NET_ModelCreate_FunctionApp", "ML_NET_ModelCreate_FunctionApp\ML_NET_ModelCreate_FunctionApp.csproj", "{5AC50307-0430-40FA-892B-9E7BE198B754}"
EndProject
Global
	GlobalSection(SolutionConfigurationPlatforms) = preSolution
		Debug|Any CPU = Debug|Any CPU
		Release|Any CPU = Release|Any CPU
	EndGlobalSection
	GlobalSection(ProjectConfigurationPlatforms) = postSolution
		{5AC50307-0430-40FA-892B-9E7BE198B754}.Debug|Any CPU.ActiveCfg = Debug|Any CPU
		{5AC50307-0430-40FA-892B-9E7BE198B754}.Debug|Any CPU.Build.0 = Debug|Any CPU
		{5AC50307-0430-40FA-892B-9E7BE198B754}.Release|Any CPU.ActiveCfg = Release|Any CPU
		{5AC50307-0430-40FA-892B-9E7BE198B754}.Release|Any CPU.Build.0 = Release|Any CPU
	EndGlobalSection
	GlobalSection(SolutionProperties) = preSolution
		HideSolutionNode = FALSE
	EndGlobalSection
	GlobalSection(ExtensibilityGlobals) = postSolution
		SolutionGuid = {F56B260C-A22E-4DEE-A3D5-0380EF1097F8}
	EndGlobalSection
EndGlobal
